// !$*UTF8*$!
{
	archiveVersion = 1;
	classes = {
	};
	objectVersion = 50;
	objects = {

/* Begin PBXBuildFile section */
		5304DCF7245912860075BC9C /* ObjectsDetectionKit.framework in Frameworks */ = {isa = PBXBuildFile; fileRef = 5304DCF6245912860075BC9C /* ObjectsDetectionKit.framework */; };
		5304DCF8245912860075BC9C /* ObjectsDetectionKit.framework in Embed Frameworks */ = {isa = PBXBuildFile; fileRef = 5304DCF6245912860075BC9C /* ObjectsDetectionKit.framework */; settings = {ATTRIBUTES = (CodeSignOnCopy, RemoveHeadersOnCopy, ); }; };
		5398E228244BE50A0059E48B /* AppDelegate.swift in Sources */ = {isa = PBXBuildFile; fileRef = 5398E227244BE50A0059E48B /* AppDelegate.swift */; };
		5398E22A244BE50A0059E48B /* SceneDelegate.swift in Sources */ = {isa = PBXBuildFile; fileRef = 5398E229244BE50A0059E48B /* SceneDelegate.swift */; };
		5398E22C244BE50A0059E48B /* ViewController.swift in Sources */ = {isa = PBXBuildFile; fileRef = 5398E22B244BE50A0059E48B /* ViewController.swift */; };
		5398E22F244BE50A0059E48B /* Main.storyboard in Resources */ = {isa = PBXBuildFile; fileRef = 5398E22D244BE50A0059E48B /* Main.storyboard */; };
		5398E232244BE50A0059E48B /* DemoObjectDetection.xcdatamodeld in Sources */ = {isa = PBXBuildFile; fileRef = 5398E230244BE50A0059E48B /* DemoObjectDetection.xcdatamodeld */; };
		5398E234244BE50C0059E48B /* Assets.xcassets in Resources */ = {isa = PBXBuildFile; fileRef = 5398E233244BE50C0059E48B /* Assets.xcassets */; };
		5398E237244BE50C0059E48B /* LaunchScreen.storyboard in Resources */ = {isa = PBXBuildFile; fileRef = 5398E235244BE50C0059E48B /* LaunchScreen.storyboard */; };
/* End PBXBuildFile section */

/* Begin PBXCopyFilesBuildPhase section */
		5304DCF4245912790075BC9C /* Embed Frameworks */ = {
			isa = PBXCopyFilesBuildPhase;
			buildActionMask = 2147483647;
			dstPath = "";
			dstSubfolderSpec = 10;
			files = (
				5304DCF8245912860075BC9C /* ObjectsDetectionKit.framework in Embed Frameworks */,
			);
			name = "Embed Frameworks";
			runOnlyForDeploymentPostprocessing = 0;
		};
/* End PBXCopyFilesBuildPhase section */

/* Begin PBXFileReference section */
		5304DCF6245912860075BC9C /* ObjectsDetectionKit.framework */ = {isa = PBXFileReference; explicitFileType = wrapper.framework; path = ObjectsDetectionKit.framework; sourceTree = BUILT_PRODUCTS_DIR; };
		5398E224244BE50A0059E48B /* DemoObjectDetection.app */ = {isa = PBXFileReference; explicitFileType = wrapper.application; includeInIndex = 0; path = DemoObjectDetection.app; sourceTree = BUILT_PRODUCTS_DIR; };
		5398E227244BE50A0059E48B /* AppDelegate.swift */ = {isa = PBXFileReference; lastKnownFileType = sourcecode.swift; path = AppDelegate.swift; sourceTree = "<group>"; };
		5398E229244BE50A0059E48B /* SceneDelegate.swift */ = {isa = PBXFileReference; lastKnownFileType = sourcecode.swift; path = SceneDelegate.swift; sourceTree = "<group>"; };
		5398E22B244BE50A0059E48B /* ViewController.swift */ = {isa = PBXFileReference; lastKnownFileType = sourcecode.swift; path = ViewController.swift; sourceTree = "<group>"; };
		5398E22E244BE50A0059E48B /* Base */ = {isa = PBXFileReference; lastKnownFileType = file.storyboard; name = Base; path = Base.lproj/Main.storyboard; sourceTree = "<group>"; };
		5398E231244BE50A0059E48B /* DemoObjectDetection.xcdatamodel */ = {isa = PBXFileReference; lastKnownFileType = wrapper.xcdatamodel; path = DemoObjectDetection.xcdatamodel; sourceTree = "<group>"; };
		5398E233244BE50C0059E48B /* Assets.xcassets */ = {isa = PBXFileReference; lastKnownFileType = folder.assetcatalog; path = Assets.xcassets; sourceTree = "<group>"; };
		5398E236244BE50C0059E48B /* Base */ = {isa = PBXFileReference; lastKnownFileType = file.storyboard; name = Base; path = Base.lproj/LaunchScreen.storyboard; sourceTree = "<group>"; };
		5398E238244BE50C0059E48B /* Info.plist */ = {isa = PBXFileReference; lastKnownFileType = text.plist.xml; path = Info.plist; sourceTree = "<group>"; };
/* End PBXFileReference section */

/* Begin PBXFrameworksBuildPhase section */
		5398E221244BE50A0059E48B /* Frameworks */ = {
			isa = PBXFrameworksBuildPhase;
			buildActionMask = 2147483647;
			files = (
				5304DCF7245912860075BC9C /* ObjectsDetectionKit.framework in Frameworks */,
			);
			runOnlyForDeploymentPostprocessing = 0;
		};
/* End PBXFrameworksBuildPhase section */

/* Begin PBXGroup section */
		5304DCF5245912860075BC9C /* Frameworks */ = {
			isa = PBXGroup;
			children = (
				5304DCF6245912860075BC9C /* ObjectsDetectionKit.framework */,
			);
			name = Frameworks;
			sourceTree = "<group>";
		};
		5398E21B244BE50A0059E48B = {
			isa = PBXGroup;
			children = (
				5398E226244BE50A0059E48B /* DemoObjectDetection */,
				5398E225244BE50A0059E48B /* Products */,
				5304DCF5245912860075BC9C /* Frameworks */,
			);
			sourceTree = "<group>";
		};
		5398E225244BE50A0059E48B /* Products */ = {
			isa = PBXGroup;
			children = (
				5398E224244BE50A0059E48B /* DemoObjectDetection.app */,
			);
			name = Products;
			sourceTree = "<group>";
		};
		5398E226244BE50A0059E48B /* DemoObjectDetection */ = {
			isa = PBXGroup;
			children = (
				5398E227244BE50A0059E48B /* AppDelegate.swift */,
				5398E229244BE50A0059E48B /* SceneDelegate.swift */,
				5398E22B244BE50A0059E48B /* ViewController.swift */,
				5398E22D244BE50A0059E48B /* Main.storyboard */,
				5398E233244BE50C0059E48B /* Assets.xcassets */,
				5398E235244BE50C0059E48B /* LaunchScreen.storyboard */,
				5398E238244BE50C0059E48B /* Info.plist */,
				5398E230244BE50A0059E48B /* DemoObjectDetection.xcdatamodeld */,
			);
			path = DemoObjectDetection;
			sourceTree = "<group>";
		};
/* End PBXGroup section */

/* Begin PBXNativeTarget section */
		5398E223244BE50A0059E48B /* DemoObjectDetection */ = {
			isa = PBXNativeTarget;
			buildConfigurationList = 5398E23B244BE50C0059E48B /* Build configuration list for PBXNativeTarget "DemoObjectDetection" */;
			buildPhases = (
				5398E220244BE50A0059E48B /* Sources */,
				5398E221244BE50A0059E48B /* Frameworks */,
				5398E222244BE50A0059E48B /* Resources */,
				5304DCF4245912790075BC9C /* Embed Frameworks */,
			);
			buildRules = (
			);
			dependencies = (
			);
			name = DemoObjectDetection;
			productName = DemoObjectDetection;
			productReference = 5398E224244BE50A0059E48B /* DemoObjectDetection.app */;
			productType = "com.apple.product-type.application";
		};
/* End PBXNativeTarget section */

/* Begin PBXProject section */
		5398E21C244BE50A0059E48B /* Project object */ = {
			isa = PBXProject;
			attributes = {
				LastSwiftUpdateCheck = 1140;
				LastUpgradeCheck = 1140;
				ORGANIZATIONNAME = "Huynh Lam Phu Si";
				TargetAttributes = {
					5398E223244BE50A0059E48B = {
						CreatedOnToolsVersion = 11.4.1;
					};
				};
			};
			buildConfigurationList = 5398E21F244BE50A0059E48B /* Build configuration list for PBXProject "DemoObjectDetection" */;
			compatibilityVersion = "Xcode 9.3";
			developmentRegion = en;
			hasScannedForEncodings = 0;
			knownRegions = (
				en,
				Base,
			);
			mainGroup = 5398E21B244BE50A0059E48B;
			productRefGroup = 5398E225244BE50A0059E48B /* Products */;
			projectDirPath = "";
			projectRoot = "";
			targets = (
				5398E223244BE50A0059E48B /* DemoObjectDetection */,
			);
		};
/* End PBXProject section */

/* Begin PBXResourcesBuildPhase section */
		5398E222244BE50A0059E48B /* Resources */ = {
			isa = PBXResourcesBuildPhase;
			buildActionMask = 2147483647;
			files = (
				5398E237244BE50C0059E48B /* LaunchScreen.storyboard in Resources */,
				5398E234244BE50C0059E48B /* Assets.xcassets in Resources */,
				5398E22F244BE50A0059E48B /* Main.storyboard in Resources */,
			);
			runOnlyForDeploymentPostprocessing = 0;
		};
/* End PBXResourcesBuildPhase section */

/* Begin PBXSourcesBuildPhase section */
		5398E220244BE50A0059E48B /* Sources */ = {
			isa = PBXSourcesBuildPhase;
			buildActionMask = 2147483647;
			files = (
				5398E22C244BE50A0059E48B /* ViewController.swift in Sources */,
				5398E228244BE50A0059E48B /* AppDelegate.swift in Sources */,
				5398E232244BE50A0059E48B /* DemoObjectDetection.xcdatamodeld in Sources */,
				5398E22A244BE50A0059E48B /* SceneDelegate.swift in Sources */,
			);
			runOnlyForDeploymentPostprocessing = 0;
		};
/* End PBXSourcesBuildPhase section */

/* Begin PBXVariantGroup section */
		5398E22D244BE50A0059E48B /* Main.storyboard */ = {
			isa = PBXVariantGroup;
			children = (
				5398E22E244BE50A0059E48B /* Base */,
			);
			name = Main.storyboard;
			sourceTree = "<group>";
		};
		5398E235244BE50C0059E48B /* LaunchScreen.storyboard */ = {
			isa = PBXVariantGroup;
			children = (
				5398E236244BE50C0059E48B /* Base */,
			);
			name = LaunchScreen.storyboard;
			sourceTree = "<group>";
		};
/* End PBXVariantGroup section */

/* Begin XCBuildConfiguration section */
		5398E239244BE50C0059E48B /* Debug */ = {
			isa = XCBuildConfiguration;
			buildSettings = {
				ALWAYS_SEARCH_USER_PATHS = NO;
				CLANG_ANALYZER_NONNULL = YES;
				CLANG_ANALYZER_NUMBER_OBJECT_CONVERSION = YES_AGGRESSIVE;
				CLANG_CXX_LANGUAGE_STANDARD = "gnu++14";
				CLANG_CXX_LIBRARY = "libc++";
				CLANG_ENABLE_MODULES = YES;
				CLANG_ENABLE_OBJC_ARC = YES;
				CLANG_ENABLE_OBJC_WEAK = YES;
				CLANG_WARN_BLOCK_CAPTURE_AUTORELEASING = YES;
				CLANG_WARN_BOOL_CONVERSION = YES;
				CLANG_WARN_COMMA = YES;
				CLANG_WARN_CONSTANT_CONVERSION = YES;
				CLANG_WARN_DEPRECATED_OBJC_IMPLEMENTATIONS = YES;
				CLANG_WARN_DIRECT_OBJC_ISA_USAGE = YES_ERROR;
				CLANG_WARN_DOCUMENTATION_COMMENTS = YES;
				CLANG_WARN_EMPTY_BODY = YES;
				CLANG_WARN_ENUM_CONVERSION = YES;
				CLANG_WARN_INFINITE_RECURSION = YES;
				CLANG_WARN_INT_CONVERSION = YES;
				CLANG_WARN_NON_LITERAL_NULL_CONVERSION = YES;
				CLANG_WARN_OBJC_IMPLICIT_RETAIN_SELF = YES;
				CLANG_WARN_OBJC_LITERAL_CONVERSION = YES;
				CLANG_WARN_OBJC_ROOT_CLASS = YES_ERROR;
				CLANG_WARN_RANGE_LOOP_ANALYSIS = YES;
				CLANG_WARN_STRICT_PROTOTYPES = YES;
				CLANG_WARN_SUSPICIOUS_MOVE = YES;
				CLANG_WARN_UNGUARDED_AVAILABILITY = YES_AGGRESSIVE;
				CLANG_WARN_UNREACHABLE_CODE = YES;
				CLANG_WARN__DUPLICATE_METHOD_MATCH = YES;
				COPY_PHASE_STRIP = NO;
				DEBUG_INFORMATION_FORMAT = dwarf;
				ENABLE_STRICT_OBJC_MSGSEND = YES;
				ENABLE_TESTABILITY = YES;
				GCC_C_LANGUAGE_STANDARD = gnu11;
				GCC_DYNAMIC_NO_PIC = NO;
				GCC_NO_COMMON_BLOCKS = YES;
				GCC_OPTIMIZATION_LEVEL = 0;
				GCC_PREPROCESSOR_DEFINITIONS = (
					"DEBUG=1",
					"$(inherited)",
				);
				GCC_WARN_64_TO_32_BIT_CONVERSION = YES;
				GCC_WARN_ABOUT_RETURN_TYPE = YES_ERROR;
				GCC_WARN_UNDECLARED_SELECTOR = YES;
				GCC_WARN_UNINITIALIZED_AUTOS = YES_AGGRESSIVE;
				GCC_WARN_UNUSED_FUNCTION = YES;
				GCC_WARN_UNUSED_VARIABLE = YES;
				IPHONEOS_DEPLOYMENT_TARGET = 13.4;
				MTL_ENABLE_DEBUG_INFO = INCLUDE_SOURCE;
				MTL_FAST_MATH = YES;
				ONLY_ACTIVE_ARCH = YES;
				SDKROOT = iphoneos;
				SWIFT_ACTIVE_COMPILATION_CONDITIONS = DEBUG;
				SWIFT_OPTIMIZATION_LEVEL = "-Onone";
			};
			name = Debug;
		};
		5398E23A244BE50C0059E48B /* Release */ = {
			isa = XCBuildConfiguration;
			buildSettings = {
				ALWAYS_SEARCH_USER_PATHS = NO;
				CLANG_ANALYZER_NONNULL = YES;
				CLANG_ANALYZER_NUMBER_OBJECT_CONVERSION = YES_AGGRESSIVE;
				CLANG_CXX_LANGUAGE_STANDARD = "gnu++14";
				CLANG_CXX_LIBRARY = "libc++";
				CLANG_ENABLE_MODULES = YES;
				CLANG_ENABLE_OBJC_ARC = YES;
				CLANG_ENABLE_OBJC_WEAK = YES;
				CLANG_WARN_BLOCK_CAPTURE_AUTORELEASING = YES;
				CLANG_WARN_BOOL_CONVERSION = YES;
				CLANG_WARN_COMMA = YES;
				CLANG_WARN_CONSTANT_CONVERSION = YES;
				CLANG_WARN_DEPRECATED_OBJC_IMPLEMENTATIONS = YES;
				CLANG_WARN_DIRECT_OBJC_ISA_USAGE = YES_ERROR;
				CLANG_WARN_DOCUMENTATION_COMMENTS = YES;
				CLANG_WARN_EMPTY_BODY = YES;
				CLANG_WARN_ENUM_CONVERSION = YES;
				CLANG_WARN_INFINITE_RECURSION = YES;
				CLANG_WARN_INT_CONVERSION = YES;
				CLANG_WARN_NON_LITERAL_NULL_CONVERSION = YES;
				CLANG_WARN_OBJC_IMPLICIT_RETAIN_SELF = YES;
				CLANG_WARN_OBJC_LITERAL_CONVERSION = YES;
				CLANG_WARN_OBJC_ROOT_CLASS = YES_ERROR;
				CLANG_WARN_RANGE_LOOP_ANALYSIS = YES;
				CLANG_WARN_STRICT_PROTOTYPES = YES;
				CLANG_WARN_SUSPICIOUS_MOVE = YES;
				CLANG_WARN_UNGUARDED_AVAILABILITY = YES_AGGRESSIVE;
				CLANG_WARN_UNREACHABLE_CODE = YES;
				CLANG_WARN__DUPLICATE_METHOD_MATCH = YES;
				COPY_PHASE_STRIP = NO;
				DEBUG_INFORMATION_FORMAT = "dwarf-with-dsym";
				ENABLE_NS_ASSERTIONS = NO;
				ENABLE_STRICT_OBJC_MSGSEND = YES;
				GCC_C_LANGUAGE_STANDARD = gnu11;
				GCC_NO_COMMON_BLOCKS = YES;
				GCC_WARN_64_TO_32_BIT_CONVERSION = YES;
				GCC_WARN_ABOUT_RETURN_TYPE = YES_ERROR;
				GCC_WARN_UNDECLARED_SELECTOR = YES;
				GCC_WARN_UNINITIALIZED_AUTOS = YES_AGGRESSIVE;
				GCC_WARN_UNUSED_FUNCTION = YES;
				GCC_WARN_UNUSED_VARIABLE = YES;
				IPHONEOS_DEPLOYMENT_TARGET = 13.4;
				MTL_ENABLE_DEBUG_INFO = NO;
				MTL_FAST_MATH = YES;
				SDKROOT = iphoneos;
				SWIFT_COMPILATION_MODE = wholemodule;
				SWIFT_OPTIMIZATION_LEVEL = "-O";
				VALIDATE_PRODUCT = YES;
			};
			name = Release;
		};
		5398E23C244BE50C0059E48B /* Debug */ = {
			isa = XCBuildConfiguration;
			buildSettings = {
				ASSETCATALOG_COMPILER_APPICON_NAME = AppIcon;
				CODE_SIGN_STYLE = Automatic;
				DEVELOPMENT_TEAM = 3NLA5R24DG;
				INFOPLIST_FILE = DemoObjectDetection/Info.plist;
				IPHONEOS_DEPLOYMENT_TARGET = 13.3;
				LD_RUNPATH_SEARCH_PATHS = (
					"$(inherited)",
					"@executable_path/Frameworks",
				);
				PRODUCT_BUNDLE_IDENTIFIER = VNG.Zalo.DemoObjectDetection;
				PRODUCT_NAME = "$(TARGET_NAME)";
				SWIFT_VERSION = 5.0;
				TARGETED_DEVICE_FAMILY = "1,2";
			};
			name = Debug;
		};
		5398E23D244BE50C0059E48B /* Release */ = {
			isa = XCBuildConfiguration;
			buildSettings = {
				ASSETCATALOG_COMPILER_APPICON_NAME = AppIcon;
				CODE_SIGN_STYLE = Automatic;
				DEVELOPMENT_TEAM = 3NLA5R24DG;
				INFOPLIST_FILE = DemoObjectDetection/Info.plist;
				IPHONEOS_DEPLOYMENT_TARGET = 13.3;
				LD_RUNPATH_SEARCH_PATHS = (
					"$(inherited)",
					"@executable_path/Frameworks",
				);
				PRODUCT_BUNDLE_IDENTIFIER = VNG.Zalo.DemoObjectDetection;
				PRODUCT_NAME = "$(TARGET_NAME)";
				SWIFT_VERSION = 5.0;
				TARGETED_DEVICE_FAMILY = "1,2";
			};
			name = Release;
		};
/* End XCBuildConfiguration section */

/* Begin XCConfigurationList section */
		5398E21F244BE50A0059E48B /* Build configuration list for PBXProject "DemoObjectDetection" */ = {
			isa = XCConfigurationList;
			buildConfigurations = (
				5398E239244BE50C0059E48B /* Debug */,
				5398E23A244BE50C0059E48B /* Release */,
			);
			defaultConfigurationIsVisible = 0;
			defaultConfigurationName = Release;
		};
		5398E23B244BE50C0059E48B /* Build configuration list for PBXNativeTarget "DemoObjectDetection" */ = {
			isa = XCConfigurationList;
			buildConfigurations = (
				5398E23C244BE50C0059E48B /* Debug */,
				5398E23D244BE50C0059E48B /* Release */,
			);
			defaultConfigurationIsVisible = 0;
			defaultConfigurationName = Release;
		};
/* End XCConfigurationList section */

/* Begin XCVersionGroup section */
		5398E230244BE50A0059E48B /* DemoObjectDetection.xcdatamodeld */ = {
			isa = XCVersionGroup;
			children = (
				5398E231244BE50A0059E48B /* DemoObjectDetection.xcdatamodel */,
			);
			currentVersion = 5398E231244BE50A0059E48B /* DemoObjectDetection.xcdatamodel */;
			path = DemoObjectDetection.xcdatamodeld;
			sourceTree = "<group>";
			versionGroupType = wrapper.xcdatamodel;
		};
/* End XCVersionGroup section */
	};
	rootObject = 5398E21C244BE50A0059E48B /* Project object */;
}
