PODS:
  - RxSwift (5.1.1)
  - SCLAlertView (0.8)
  - SnapKit (5.0.1)

DEPENDENCIES:
  - RxSwift (~> 5.0)
  - SCLAlertView
  - SnapKit (~> 5.0.0)

SPEC REPOS:
  trunk:
    - RxSwift
    - SCLAlertView
    - SnapKit

SPEC CHECKSUMS:
  RxSwift: 81470a2074fa8780320ea5fe4102807cb7118178
  SCLAlertView: 6a77bb2edfc65e04dbe57725546cb4107a506b85
  SnapKit: 97b92857e3df3a0c71833cce143274bf6ef8e5eb

PODFILE CHECKSUM: 406829499fdcb4264c8742ad9e475c4b4383e000

COCOAPODS: 1.8.4
